
Microsoft Visual Studio Solution File, Format Version 11.00
# Visual Studio 2010
Project("{8BC9CEB8-8B4A-11D0-8D11-00A0C91BC942}") = "MiniIDE", "MiniIDE\MiniIDE.vcxproj", "{D2360449-2A73-43C2-A7D4-269ADB57B8C9}"
EndProject
Global
	GlobalSection(SolutionConfigurationPlatforms) = preSolution
		Debug|Win32 = Debug|Win32
		Release|Win32 = Release|Win32
	EndGlobalSection
	GlobalSection(ProjectConfigurationPlatforms) = postSolution
		{D2360449-2A73-43C2-A7D4-269ADB57B8C9}.Debug|Win32.ActiveCfg = Debug|Win32
		{D2360449-2A73-43C2-A7D4-269ADB57B8C9}.Debug|Win32.Build.0 = Debug|Win32
		{D2360449-2A73-43C2-A7D4-269ADB57B8C9}.Release|Win32.ActiveCfg = Release|Win32
		{D2360449-2A73-43C2-A7D4-269ADB57B8C9}.Release|Win32.Build.0 = Release|Win32
	EndGlobalSection
	GlobalSection(SolutionProperties) = preSolution
		HideSolutionNode = FALSE
	EndGlobalSection
EndGlobal
