<?xml version="1.0" encoding="utf-8"?>
<Project ToolsVersion="4.0" xmlns="http://schemas.microsoft.com/developer/msbuild/2003">
  <ItemGroup>
    <Filter Include="Source Files">
      <UniqueIdentifier>{4FC737F1-C7A5-4376-A066-2A32D752A2FF}</UniqueIdentifier>
      <Extensions>cpp;cxx;c;def</Extensions>
    </Filter>
    <Filter Include="Header Files">
      <UniqueIdentifier>{93995380-89BD-4b04-88EB-625FBE52EBFB}</UniqueIdentifier>
      <Extensions>h</Extensions>
    </Filter>
    <Filter Include="Form Files">
      <UniqueIdentifier>{99349809-55BA-4b9d-BF79-8FDBB0286EB3}</UniqueIdentifier>
      <Extensions>ui</Extensions>
    </Filter>
    <Filter Include="Resource Files">
      <UniqueIdentifier>{D9D6E242-F8AF-46E4-B9FD-80ECBC20BA3E}</UniqueIdentifier>
      <Extensions>qrc;*</Extensions>
      <ParseFiles>false</ParseFiles>
    </Filter>
    <Filter Include="Generated Files">
      <UniqueIdentifier>{71ED8ED8-ACB9-4CE9-BBE1-E00B30144E11}</UniqueIdentifier>
      <Extensions>moc;h;cpp</Extensions>
      <SourceControlFiles>False</SourceControlFiles>
    </Filter>
    <Filter Include="Generated Files\Debug">
      <UniqueIdentifier>{337659da-056e-46fc-8824-2106a1cba92d}</UniqueIdentifier>
      <Extensions>cpp;moc</Extensions>
      <SourceControlFiles>False</SourceControlFiles>
    </Filter>
    <Filter Include="Generated Files\Release">
      <UniqueIdentifier>{543e60df-8993-4c1d-a1b9-9debd4a096d9}</UniqueIdentifier>
      <Extensions>cpp;moc</Extensions>
      <SourceControlFiles>False</SourceControlFiles>
    </Filter>
    <Filter Include="MiniIDE">
      <UniqueIdentifier>{84e7fbac-2375-4303-968a-d44600189198}</UniqueIdentifier>
    </Filter>
    <Filter Include="implementation">
      <UniqueIdentifier>{61508a47-9ab0-40d8-9391-7664923e5b32}</UniqueIdentifier>
    </Filter>
  </ItemGroup>
  <ItemGroup>
    <ClCompile Include="main.cpp">
      <Filter>Source Files</Filter>
    </ClCompile>
    <ClCompile Include="miniide.cpp">
      <Filter>Source Files</Filter>
    </ClCompile>
    <ClCompile Include="GeneratedFiles\Debug\moc_miniide.cpp">
      <Filter>Generated Files\Debug</Filter>
    </ClCompile>
    <ClCompile Include="GeneratedFiles\Release\moc_miniide.cpp">
      <Filter>Generated Files\Release</Filter>
    </ClCompile>
    <ClCompile Include="GeneratedFiles\qrc_miniide.cpp">
      <Filter>Generated Files</Filter>
    </ClCompile>
    <ClCompile Include="implementation\CodeGenerator.cpp">
      <Filter>implementation</Filter>
    </ClCompile>
    <ClCompile Include="implementation\Error.cpp">
      <Filter>implementation</Filter>
    </ClCompile>
    <ClCompile Include="implementation\FSM.cpp">
      <Filter>implementation</Filter>
    </ClCompile>
    <ClCompile Include="implementation\GlobalTable.cpp">
      <Filter>implementation</Filter>
    </ClCompile>
    <ClCompile Include="implementation\HashTable.cpp">
      <Filter>implementation</Filter>
    </ClCompile>
    <ClCompile Include="implementation\Identifier.cpp">
      <Filter>implementation</Filter>
    </ClCompile>
    <ClCompile Include="implementation\Lexer.cpp">
      <Filter>implementation</Filter>
    </ClCompile>
    <ClCompile Include="implementation\Parser.cpp">
      <Filter>implementation</Filter>
    </ClCompile>
    <ClCompile Include="implementation\SymbolTable.cpp">
      <Filter>implementation</Filter>
    </ClCompile>
    <ClCompile Include="implementation\Token.cpp">
      <Filter>implementation</Filter>
    </ClCompile>
  </ItemGroup>
  <ItemGroup>
    <CustomBuild Include="miniide.h">
      <Filter>Header Files</Filter>
    </CustomBuild>
    <CustomBuild Include="miniide.ui">
      <Filter>Form Files</Filter>
    </CustomBuild>
    <CustomBuild Include="miniide.qrc">
      <Filter>Resource Files</Filter>
    </CustomBuild>
  </ItemGroup>
  <ItemGroup>
    <ClInclude Include="GeneratedFiles\ui_miniide.h">
      <Filter>Generated Files</Filter>
    </ClInclude>
    <ClInclude Include="MiniIDE\CodeGenerator.h">
      <Filter>MiniIDE</Filter>
    </ClInclude>
    <ClInclude Include="MiniIDE\Error.h">
      <Filter>MiniIDE</Filter>
    </ClInclude>
    <ClInclude Include="MiniIDE\FSM.h">
      <Filter>MiniIDE</Filter>
    </ClInclude>
    <ClInclude Include="MiniIDE\GlobalTable.h">
      <Filter>MiniIDE</Filter>
    </ClInclude>
    <ClInclude Include="MiniIDE\HashTable.h">
      <Filter>MiniIDE</Filter>
    </ClInclude>
    <ClInclude Include="MiniIDE\Identifier.h">
      <Filter>MiniIDE</Filter>
    </ClInclude>
    <ClInclude Include="MiniIDE\Lexer.h">
      <Filter>MiniIDE</Filter>
    </ClInclude>
    <ClInclude Include="MiniIDE\Parser.h">
      <Filter>MiniIDE</Filter>
    </ClInclude>
    <ClInclude Include="MiniIDE\SymbolTable.h">
      <Filter>MiniIDE</Filter>
    </ClInclude>
    <ClInclude Include="MiniIDE\Token.h">
      <Filter>MiniIDE</Filter>
    </ClInclude>
  </ItemGroup>
</Project>