<?xml version="1.0" encoding="utf-8"?>
<Project ToolsVersion="4.0" xmlns="http://schemas.microsoft.com/developer/msbuild/2003">
  <ItemGroup>
    <Filter Include="MiniIDE">
      <UniqueIdentifier>{84e7fbac-2375-4303-968a-d44600189198}</UniqueIdentifier>
    </Filter>
    <Filter Include="implementation">
      <UniqueIdentifier>{61508a47-9ab0-40d8-9391-7664923e5b32}</UniqueIdentifier>
    </Filter>
    <Filter Include="Resources">
      <UniqueIdentifier>{D9D6E242-F8AF-46E4-B9FD-80ECBC20BA3E}</UniqueIdentifier>
      <Extensions>qrc;*</Extensions>
      <ParseFiles>false</ParseFiles>
    </Filter>
    <Filter Include="implementation\compiler">
      <UniqueIdentifier>{4c1e0986-d9fe-41f5-a1da-dbfee033bc49}</UniqueIdentifier>
    </Filter>
    <Filter Include="implementation\dialogs">
      <UniqueIdentifier>{586cfd41-ee82-4d0e-842c-ba4cf140a669}</UniqueIdentifier>
    </Filter>
    <Filter Include="MiniIDE\compiler">
      <UniqueIdentifier>{fcf7a14f-6247-4fe3-b4c4-21f4baf25aa5}</UniqueIdentifier>
    </Filter>
  </ItemGroup>
  <ItemGroup>
    <ClCompile Include="implementation\main.cpp">
      <Filter>implementation</Filter>
    </ClCompile>
    <ClCompile Include="implementation\dialogs\miniide.cpp">
      <Filter>implementation\dialogs</Filter>
    </ClCompile>
    <ClCompile Include="implementation\compiler\CodeGenerator.cpp">
      <Filter>implementation\compiler</Filter>
    </ClCompile>
    <ClCompile Include="implementation\compiler\Error.cpp">
      <Filter>implementation\compiler</Filter>
    </ClCompile>
    <ClCompile Include="implementation\compiler\FSM.cpp">
      <Filter>implementation\compiler</Filter>
    </ClCompile>
    <ClCompile Include="implementation\compiler\GlobalTable.cpp">
      <Filter>implementation\compiler</Filter>
    </ClCompile>
    <ClCompile Include="implementation\compiler\HashTable.cpp">
      <Filter>implementation\compiler</Filter>
    </ClCompile>
    <ClCompile Include="implementation\compiler\Identifier.cpp">
      <Filter>implementation\compiler</Filter>
    </ClCompile>
    <ClCompile Include="implementation\compiler\Lexer.cpp">
      <Filter>implementation\compiler</Filter>
    </ClCompile>
    <ClCompile Include="implementation\compiler\Parser.cpp">
      <Filter>implementation\compiler</Filter>
    </ClCompile>
    <ClCompile Include="implementation\compiler\SymbolTable.cpp">
      <Filter>implementation\compiler</Filter>
    </ClCompile>
    <ClCompile Include="implementation\compiler\Token.cpp">
      <Filter>implementation\compiler</Filter>
    </ClCompile>
  </ItemGroup>
  <ItemGroup>
    <CustomBuild Include="implementation\dialogs\miniide.h">
      <Filter>implementation\dialogs</Filter>
    </CustomBuild>
    <CustomBuild Include="implementation\dialogs\miniide.ui">
      <Filter>implementation\dialogs</Filter>
    </CustomBuild>
  </ItemGroup>
  <ItemGroup>
    <ClInclude Include="MiniIDE\compiler\CodeGenerator.h">
      <Filter>MiniIDE\compiler</Filter>
    </ClInclude>
    <ClInclude Include="MiniIDE\compiler\Error.h">
      <Filter>MiniIDE\compiler</Filter>
    </ClInclude>
    <ClInclude Include="MiniIDE\compiler\FSM.h">
      <Filter>MiniIDE\compiler</Filter>
    </ClInclude>
    <ClInclude Include="MiniIDE\compiler\GlobalTable.h">
      <Filter>MiniIDE\compiler</Filter>
    </ClInclude>
    <ClInclude Include="MiniIDE\compiler\HashTable.h">
      <Filter>MiniIDE\compiler</Filter>
    </ClInclude>
    <ClInclude Include="MiniIDE\compiler\Identifier.h">
      <Filter>MiniIDE\compiler</Filter>
    </ClInclude>
    <ClInclude Include="MiniIDE\compiler\Lexer.h">
      <Filter>MiniIDE\compiler</Filter>
    </ClInclude>
    <ClInclude Include="MiniIDE\compiler\Parser.h">
      <Filter>MiniIDE\compiler</Filter>
    </ClInclude>
    <ClInclude Include="MiniIDE\compiler\SymbolTable.h">
      <Filter>MiniIDE\compiler</Filter>
    </ClInclude>
    <ClInclude Include="MiniIDE\compiler\Token.h">
      <Filter>MiniIDE\compiler</Filter>
    </ClInclude>
  </ItemGroup>
</Project>